
Microsoft Visual Studio Solution File, Format Version 12.00
# Visual Studio 15
VisualStudioVersion = 15.0.26228.4
MinimumVisualStudioVersion = 10.0.40219.1
Project("{2150E333-8FDC-42A3-9474-1A3956D46DE8}") = "samples", "samples", "{07C41D77-22FE-4240-AB38-9EF43652C5D2}"
EndProject
Project("{9A19103F-16F7-4668-BE54-9A1E7A4F7556}") = "DotNetAirbrake", "src\DotNetAirbrake\DotNetAirbrake.csproj", "{AD14472C-71F7-454F-AE0E-3C285465F182}"
EndProject
Project("{9A19103F-16F7-4668-BE54-9A1E7A4F7556}") = "DotNetAirbrake.AspNetCore", "src\DotNetAirbrake.AspNetCore\DotNetAirbrake.AspNetCore.csproj", "{393CDC09-1ECA-430C-BFBB-FF79A1270E8B}"
EndProject
Project("{9A19103F-16F7-4668-BE54-9A1E7A4F7556}") = "ConsoleAppSample", "samples\ConsoleAppSample\ConsoleAppSample.csproj", "{CB59CF86-F7A5-4FDD-A6A0-4C7C1BF62526}"
EndProject
Project("{9A19103F-16F7-4668-BE54-9A1E7A4F7556}") = "MvcAppSample", "samples\MvcAppSample\MvcAppSample.csproj", "{CB5ADDFA-F7A6-4D79-9159-3B539719374E}"
EndProject
Global
	GlobalSection(SolutionConfigurationPlatforms) = preSolution
		Debug|Any CPU = Debug|Any CPU
		Release|Any CPU = Release|Any CPU
	EndGlobalSection
	GlobalSection(ProjectConfigurationPlatforms) = postSolution
		{AD14472C-71F7-454F-AE0E-3C285465F182}.Debug|Any CPU.ActiveCfg = Debug|Any CPU
		{AD14472C-71F7-454F-AE0E-3C285465F182}.Debug|Any CPU.Build.0 = Debug|Any CPU
		{AD14472C-71F7-454F-AE0E-3C285465F182}.Release|Any CPU.ActiveCfg = Release|Any CPU
		{AD14472C-71F7-454F-AE0E-3C285465F182}.Release|Any CPU.Build.0 = Release|Any CPU
		{393CDC09-1ECA-430C-BFBB-FF79A1270E8B}.Debug|Any CPU.ActiveCfg = Debug|Any CPU
		{393CDC09-1ECA-430C-BFBB-FF79A1270E8B}.Debug|Any CPU.Build.0 = Debug|Any CPU
		{393CDC09-1ECA-430C-BFBB-FF79A1270E8B}.Release|Any CPU.ActiveCfg = Release|Any CPU
		{393CDC09-1ECA-430C-BFBB-FF79A1270E8B}.Release|Any CPU.Build.0 = Release|Any CPU
		{CB59CF86-F7A5-4FDD-A6A0-4C7C1BF62526}.Debug|Any CPU.ActiveCfg = Debug|Any CPU
		{CB59CF86-F7A5-4FDD-A6A0-4C7C1BF62526}.Debug|Any CPU.Build.0 = Debug|Any CPU
		{CB59CF86-F7A5-4FDD-A6A0-4C7C1BF62526}.Release|Any CPU.ActiveCfg = Release|Any CPU
		{CB59CF86-F7A5-4FDD-A6A0-4C7C1BF62526}.Release|Any CPU.Build.0 = Release|Any CPU
		{CB5ADDFA-F7A6-4D79-9159-3B539719374E}.Debug|Any CPU.ActiveCfg = Debug|Any CPU
		{CB5ADDFA-F7A6-4D79-9159-3B539719374E}.Debug|Any CPU.Build.0 = Debug|Any CPU
		{CB5ADDFA-F7A6-4D79-9159-3B539719374E}.Release|Any CPU.ActiveCfg = Release|Any CPU
		{CB5ADDFA-F7A6-4D79-9159-3B539719374E}.Release|Any CPU.Build.0 = Release|Any CPU
	EndGlobalSection
	GlobalSection(SolutionProperties) = preSolution
		HideSolutionNode = FALSE
	EndGlobalSection
	GlobalSection(NestedProjects) = preSolution
		{CB59CF86-F7A5-4FDD-A6A0-4C7C1BF62526} = {07C41D77-22FE-4240-AB38-9EF43652C5D2}
		{CB5ADDFA-F7A6-4D79-9159-3B539719374E} = {07C41D77-22FE-4240-AB38-9EF43652C5D2}
	EndGlobalSection
EndGlobal
